// !$*UTF8*$!
{
	archiveVersion = 1;
	classes = {
	};
	objectVersion = 56;
	objects = {

/* Begin PBXBuildFile section */
		6C543C3C2B3E6F040062C0F1 /* CartCell.swift in Sources */ = {isa = PBXBuildFile; fileRef = 6C543C3B2B3E6F040062C0F1 /* CartCell.swift */; };
		6C543C3E2B3E6F100062C0F1 /* Cart.swift in Sources */ = {isa = PBXBuildFile; fileRef = 6C543C3D2B3E6F100062C0F1 /* Cart.swift */; };
		3FF8A3192B3E5F1100856634 /* HamburgerMenus.swift in Sources */ = {isa = PBXBuildFile; fileRef = 3FF8A3182B3E5F1100856634 /* HamburgerMenus.swift */; };
		3FF8A31D2B3E616E00856634 /* MenusProtocol.swift in Sources */ = {isa = PBXBuildFile; fileRef = 3FF8A31C2B3E616E00856634 /* MenusProtocol.swift */; };
		3FF8A31F2B3E61BB00856634 /* SideMenus.swift in Sources */ = {isa = PBXBuildFile; fileRef = 3FF8A31E2B3E61BB00856634 /* SideMenus.swift */; };
		3FF8A3212B3E61D700856634 /* DrinkMenus.swift in Sources */ = {isa = PBXBuildFile; fileRef = 3FF8A3202B3E61D700856634 /* DrinkMenus.swift */; };
		3FF8A3232B3E620200856634 /* MyCollectionViewCell.swift in Sources */ = {isa = PBXBuildFile; fileRef = 3FF8A3222B3E620200856634 /* MyCollectionViewCell.swift */; };
		3FF8A3252B3E651000856634 /* CollectionViewExtension.swift in Sources */ = {isa = PBXBuildFile; fileRef = 3FF8A3242B3E651000856634 /* CollectionViewExtension.swift */; };
		6CCA18292B3BFCF5008A5072 /* AppDelegate.swift in Sources */ = {isa = PBXBuildFile; fileRef = 6CCA18282B3BFCF5008A5072 /* AppDelegate.swift */; };
		6CCA182B2B3BFCF5008A5072 /* SceneDelegate.swift in Sources */ = {isa = PBXBuildFile; fileRef = 6CCA182A2B3BFCF5008A5072 /* SceneDelegate.swift */; };
		6CCA18302B3BFCF5008A5072 /* Main.storyboard in Resources */ = {isa = PBXBuildFile; fileRef = 6CCA182E2B3BFCF5008A5072 /* Main.storyboard */; };
		6CCA18322B3BFCFB008A5072 /* Assets.xcassets in Resources */ = {isa = PBXBuildFile; fileRef = 6CCA18312B3BFCFB008A5072 /* Assets.xcassets */; };
		6CCA18352B3BFCFB008A5072 /* LaunchScreen.storyboard in Resources */ = {isa = PBXBuildFile; fileRef = 6CCA18332B3BFCFB008A5072 /* LaunchScreen.storyboard */; };
		BA82C2C52B3D678900029274 /* ViewController.swift in Sources */ = {isa = PBXBuildFile; fileRef = BA82C2C42B3D678900029274 /* ViewController.swift */; };
/* End PBXBuildFile section */

/* Begin PBXFileReference section */
		6C543C3B2B3E6F040062C0F1 /* CartCell.swift */ = {isa = PBXFileReference; lastKnownFileType = sourcecode.swift; path = CartCell.swift; sourceTree = "<group>"; };
		6C543C3D2B3E6F100062C0F1 /* Cart.swift */ = {isa = PBXFileReference; lastKnownFileType = sourcecode.swift; path = Cart.swift; sourceTree = "<group>"; };
		3FF8A3182B3E5F1100856634 /* HamburgerMenus.swift */ = {isa = PBXFileReference; lastKnownFileType = sourcecode.swift; path = HamburgerMenus.swift; sourceTree = "<group>"; };
		3FF8A31C2B3E616E00856634 /* MenusProtocol.swift */ = {isa = PBXFileReference; lastKnownFileType = sourcecode.swift; path = MenusProtocol.swift; sourceTree = "<group>"; };
		3FF8A31E2B3E61BB00856634 /* SideMenus.swift */ = {isa = PBXFileReference; lastKnownFileType = sourcecode.swift; path = SideMenus.swift; sourceTree = "<group>"; };
		3FF8A3202B3E61D700856634 /* DrinkMenus.swift */ = {isa = PBXFileReference; lastKnownFileType = sourcecode.swift; path = DrinkMenus.swift; sourceTree = "<group>"; };
		3FF8A3222B3E620200856634 /* MyCollectionViewCell.swift */ = {isa = PBXFileReference; lastKnownFileType = sourcecode.swift; path = MyCollectionViewCell.swift; sourceTree = "<group>"; };
		3FF8A3242B3E651000856634 /* CollectionViewExtension.swift */ = {isa = PBXFileReference; lastKnownFileType = sourcecode.swift; path = CollectionViewExtension.swift; sourceTree = "<group>"; };
		6CCA18252B3BFCF4008A5072 /* KIOSK.app */ = {isa = PBXFileReference; explicitFileType = wrapper.application; includeInIndex = 0; path = KIOSK.app; sourceTree = BUILT_PRODUCTS_DIR; };
		6CCA18282B3BFCF5008A5072 /* AppDelegate.swift */ = {isa = PBXFileReference; lastKnownFileType = sourcecode.swift; path = AppDelegate.swift; sourceTree = "<group>"; };
		6CCA182A2B3BFCF5008A5072 /* SceneDelegate.swift */ = {isa = PBXFileReference; lastKnownFileType = sourcecode.swift; path = SceneDelegate.swift; sourceTree = "<group>"; };
		6CCA182F2B3BFCF5008A5072 /* Base */ = {isa = PBXFileReference; lastKnownFileType = file.storyboard; name = Base; path = Base.lproj/Main.storyboard; sourceTree = "<group>"; };
		6CCA18312B3BFCFB008A5072 /* Assets.xcassets */ = {isa = PBXFileReference; lastKnownFileType = folder.assetcatalog; path = Assets.xcassets; sourceTree = "<group>"; };
		6CCA18342B3BFCFB008A5072 /* Base */ = {isa = PBXFileReference; lastKnownFileType = file.storyboard; name = Base; path = Base.lproj/LaunchScreen.storyboard; sourceTree = "<group>"; };
		6CCA18362B3BFCFB008A5072 /* Info.plist */ = {isa = PBXFileReference; lastKnownFileType = text.plist.xml; path = Info.plist; sourceTree = "<group>"; };
		BA82C2C42B3D678900029274 /* ViewController.swift */ = {isa = PBXFileReference; lastKnownFileType = sourcecode.swift; path = ViewController.swift; sourceTree = "<group>"; };
/* End PBXFileReference section */

/* Begin PBXFrameworksBuildPhase section */
		6CCA18222B3BFCF4008A5072 /* Frameworks */ = {
			isa = PBXFrameworksBuildPhase;
			buildActionMask = 2147483647;
			files = (
			);
			runOnlyForDeploymentPostprocessing = 0;
		};
/* End PBXFrameworksBuildPhase section */

/* Begin PBXGroup section */
		6C543C392B3E6EC00062C0F1 /* Cells */ = {
			isa = PBXGroup;
			children = (
				6C543C3B2B3E6F040062C0F1 /* CartCell.swift */,
			);
			path = Cells;
			sourceTree = "<group>";
		};
		6C543C3A2B3E6ECA0062C0F1 /* Model */ = {
			isa = PBXGroup;
			children = (
				6C543C3D2B3E6F100062C0F1 /* Cart.swift */,
			);
			path = Model;
			sourceTree = "<group>";
		};
		6C543C402B3FF0660062C0F1 /* Cells */ = {
			isa = PBXGroup;
			children = (
			);
			path = Cells;
			sourceTree = "<group>";
		};
		6CCA181C2B3BFCF4008A5072 = {
			isa = PBXGroup;
			children = (
				6CCA18272B3BFCF4008A5072 /* KIOSK */,
				6CCA18262B3BFCF4008A5072 /* Products */,
			);
			sourceTree = "<group>";
		};
		6CCA18262B3BFCF4008A5072 /* Products */ = {
			isa = PBXGroup;
			children = (
				6CCA18252B3BFCF4008A5072 /* KIOSK.app */,
			);
			name = Products;
			sourceTree = "<group>";
		};
		6CCA18272B3BFCF4008A5072 /* KIOSK */ = {
			isa = PBXGroup;
			children = (
				6C543C3A2B3E6ECA0062C0F1 /* Model */,
				6C543C392B3E6EC00062C0F1 /* Cells */,
				6CCA18282B3BFCF5008A5072 /* AppDelegate.swift */,
				3FF8A31C2B3E616E00856634 /* MenusProtocol.swift */,
				3FF8A3182B3E5F1100856634 /* HamburgerMenus.swift */,
				3FF8A31E2B3E61BB00856634 /* SideMenus.swift */,
				3FF8A3202B3E61D700856634 /* DrinkMenus.swift */,
				3FF8A3242B3E651000856634 /* CollectionViewExtension.swift */,
				3FF8A3222B3E620200856634 /* MyCollectionViewCell.swift */,
				BA82C2C42B3D678900029274 /* ViewController.swift */,
				6CCA182E2B3BFCF5008A5072 /* Main.storyboard */,
				6CCA18312B3BFCFB008A5072 /* Assets.xcassets */,
				6CCA18332B3BFCFB008A5072 /* LaunchScreen.storyboard */,
				6CCA18362B3BFCFB008A5072 /* Info.plist */,
				6CCA18282B3BFCF5008A5072 /* AppDelegate.swift */,
				6CCA182A2B3BFCF5008A5072 /* SceneDelegate.swift */,
			);
			path = KIOSK;
			sourceTree = "<group>";
		};
/* End PBXGroup section */

/* Begin PBXNativeTarget section */
		6CCA18242B3BFCF4008A5072 /* KIOSK */ = {
			isa = PBXNativeTarget;
			buildConfigurationList = 6CCA18392B3BFCFB008A5072 /* Build configuration list for PBXNativeTarget "KIOSK" */;
			buildPhases = (
				6CCA18212B3BFCF4008A5072 /* Sources */,
				6CCA18222B3BFCF4008A5072 /* Frameworks */,
				6CCA18232B3BFCF4008A5072 /* Resources */,
			);
			buildRules = (
			);
			dependencies = (
			);
			name = KIOSK;
			productName = KIOSK;
			productReference = 6CCA18252B3BFCF4008A5072 /* KIOSK.app */;
			productType = "com.apple.product-type.application";
		};
/* End PBXNativeTarget section */

/* Begin PBXProject section */
		6CCA181D2B3BFCF4008A5072 /* Project object */ = {
			isa = PBXProject;
			attributes = {
				BuildIndependentTargetsInParallel = 1;
				LastSwiftUpdateCheck = 1510;
				LastUpgradeCheck = 1510;
				TargetAttributes = {
					6CCA18242B3BFCF4008A5072 = {
						CreatedOnToolsVersion = 15.1;
					};
				};
			};
			buildConfigurationList = 6CCA18202B3BFCF4008A5072 /* Build configuration list for PBXProject "KIOSK" */;
			compatibilityVersion = "Xcode 14.0";
			developmentRegion = en;
			hasScannedForEncodings = 0;
			knownRegions = (
				en,
				Base,
			);
			mainGroup = 6CCA181C2B3BFCF4008A5072;
			productRefGroup = 6CCA18262B3BFCF4008A5072 /* Products */;
			projectDirPath = "";
			projectRoot = "";
			targets = (
				6CCA18242B3BFCF4008A5072 /* KIOSK */,
			);
		};
/* End PBXProject section */

/* Begin PBXResourcesBuildPhase section */
		6CCA18232B3BFCF4008A5072 /* Resources */ = {
			isa = PBXResourcesBuildPhase;
			buildActionMask = 2147483647;
			files = (
				6CCA18352B3BFCFB008A5072 /* LaunchScreen.storyboard in Resources */,
				6CCA18322B3BFCFB008A5072 /* Assets.xcassets in Resources */,
				6CCA18302B3BFCF5008A5072 /* Main.storyboard in Resources */,
			);
			runOnlyForDeploymentPostprocessing = 0;
		};
/* End PBXResourcesBuildPhase section */

/* Begin PBXSourcesBuildPhase section */
		6CCA18212B3BFCF4008A5072 /* Sources */ = {
			isa = PBXSourcesBuildPhase;
			buildActionMask = 2147483647;
			files = (
				3FF8A31D2B3E616E00856634 /* MenusProtocol.swift in Sources */,
				3FF8A3232B3E620200856634 /* MyCollectionViewCell.swift in Sources */,
				6CCA18292B3BFCF5008A5072 /* AppDelegate.swift in Sources */,
				3FF8A3212B3E61D700856634 /* DrinkMenus.swift in Sources */,
				3FF8A31F2B3E61BB00856634 /* SideMenus.swift in Sources */,
				3FF8A3192B3E5F1100856634 /* HamburgerMenus.swift in Sources */,
				3FF8A3252B3E651000856634 /* CollectionViewExtension.swift in Sources */,
				6CCA182B2B3BFCF5008A5072 /* SceneDelegate.swift in Sources */,
				6C543C3E2B3E6F100062C0F1 /* Cart.swift in Sources */,
				BA82C2C52B3D678900029274 /* ViewController.swift in Sources */,
				6C543C3C2B3E6F040062C0F1 /* CartCell.swift in Sources */,
			);
			runOnlyForDeploymentPostprocessing = 0;
		};
/* End PBXSourcesBuildPhase section */

/* Begin PBXVariantGroup section */
		6CCA182E2B3BFCF5008A5072 /* Main.storyboard */ = {
			isa = PBXVariantGroup;
			children = (
				6CCA182F2B3BFCF5008A5072 /* Base */,
			);
			name = Main.storyboard;
			sourceTree = "<group>";
		};
		6CCA18332B3BFCFB008A5072 /* LaunchScreen.storyboard */ = {
			isa = PBXVariantGroup;
			children = (
				6CCA18342B3BFCFB008A5072 /* Base */,
			);
			name = LaunchScreen.storyboard;
			sourceTree = "<group>";
		};
/* End PBXVariantGroup section */

/* Begin XCBuildConfiguration section */
		6CCA18372B3BFCFB008A5072 /* Debug */ = {
			isa = XCBuildConfiguration;
			buildSettings = {
				ALWAYS_SEARCH_USER_PATHS = NO;
				ASSETCATALOG_COMPILER_GENERATE_SWIFT_ASSET_SYMBOL_EXTENSIONS = YES;
				CLANG_ANALYZER_NONNULL = YES;
				CLANG_ANALYZER_NUMBER_OBJECT_CONVERSION = YES_AGGRESSIVE;
				CLANG_CXX_LANGUAGE_STANDARD = "gnu++20";
				CLANG_ENABLE_MODULES = YES;
				CLANG_ENABLE_OBJC_ARC = YES;
				CLANG_ENABLE_OBJC_WEAK = YES;
				CLANG_WARN_BLOCK_CAPTURE_AUTORELEASING = YES;
				CLANG_WARN_BOOL_CONVERSION = YES;
				CLANG_WARN_COMMA = YES;
				CLANG_WARN_CONSTANT_CONVERSION = YES;
				CLANG_WARN_DEPRECATED_OBJC_IMPLEMENTATIONS = YES;
				CLANG_WARN_DIRECT_OBJC_ISA_USAGE = YES_ERROR;
				CLANG_WARN_DOCUMENTATION_COMMENTS = YES;
				CLANG_WARN_EMPTY_BODY = YES;
				CLANG_WARN_ENUM_CONVERSION = YES;
				CLANG_WARN_INFINITE_RECURSION = YES;
				CLANG_WARN_INT_CONVERSION = YES;
				CLANG_WARN_NON_LITERAL_NULL_CONVERSION = YES;
				CLANG_WARN_OBJC_IMPLICIT_RETAIN_SELF = YES;
				CLANG_WARN_OBJC_LITERAL_CONVERSION = YES;
				CLANG_WARN_OBJC_ROOT_CLASS = YES_ERROR;
				CLANG_WARN_QUOTED_INCLUDE_IN_FRAMEWORK_HEADER = YES;
				CLANG_WARN_RANGE_LOOP_ANALYSIS = YES;
				CLANG_WARN_STRICT_PROTOTYPES = YES;
				CLANG_WARN_SUSPICIOUS_MOVE = YES;
				CLANG_WARN_UNGUARDED_AVAILABILITY = YES_AGGRESSIVE;
				CLANG_WARN_UNREACHABLE_CODE = YES;
				CLANG_WARN__DUPLICATE_METHOD_MATCH = YES;
				COPY_PHASE_STRIP = NO;
				DEBUG_INFORMATION_FORMAT = dwarf;
				ENABLE_STRICT_OBJC_MSGSEND = YES;
				ENABLE_TESTABILITY = YES;
				ENABLE_USER_SCRIPT_SANDBOXING = YES;
				GCC_C_LANGUAGE_STANDARD = gnu17;
				GCC_DYNAMIC_NO_PIC = NO;
				GCC_NO_COMMON_BLOCKS = YES;
				GCC_OPTIMIZATION_LEVEL = 0;
				GCC_PREPROCESSOR_DEFINITIONS = (
					"DEBUG=1",
					"$(inherited)",
				);
				GCC_WARN_64_TO_32_BIT_CONVERSION = YES;
				GCC_WARN_ABOUT_RETURN_TYPE = YES_ERROR;
				GCC_WARN_UNDECLARED_SELECTOR = YES;
				GCC_WARN_UNINITIALIZED_AUTOS = YES_AGGRESSIVE;
				GCC_WARN_UNUSED_FUNCTION = YES;
				GCC_WARN_UNUSED_VARIABLE = YES;
				IPHONEOS_DEPLOYMENT_TARGET = 17.2;
				LOCALIZATION_PREFERS_STRING_CATALOGS = YES;
				MTL_ENABLE_DEBUG_INFO = INCLUDE_SOURCE;
				MTL_FAST_MATH = YES;
				ONLY_ACTIVE_ARCH = YES;
				SDKROOT = iphoneos;
				SWIFT_ACTIVE_COMPILATION_CONDITIONS = "DEBUG $(inherited)";
				SWIFT_OPTIMIZATION_LEVEL = "-Onone";
			};
			name = Debug;
		};
		6CCA18382B3BFCFB008A5072 /* Release */ = {
			isa = XCBuildConfiguration;
			buildSettings = {
				ALWAYS_SEARCH_USER_PATHS = NO;
				ASSETCATALOG_COMPILER_GENERATE_SWIFT_ASSET_SYMBOL_EXTENSIONS = YES;
				CLANG_ANALYZER_NONNULL = YES;
				CLANG_ANALYZER_NUMBER_OBJECT_CONVERSION = YES_AGGRESSIVE;
				CLANG_CXX_LANGUAGE_STANDARD = "gnu++20";
				CLANG_ENABLE_MODULES = YES;
				CLANG_ENABLE_OBJC_ARC = YES;
				CLANG_ENABLE_OBJC_WEAK = YES;
				CLANG_WARN_BLOCK_CAPTURE_AUTORELEASING = YES;
				CLANG_WARN_BOOL_CONVERSION = YES;
				CLANG_WARN_COMMA = YES;
				CLANG_WARN_CONSTANT_CONVERSION = YES;
				CLANG_WARN_DEPRECATED_OBJC_IMPLEMENTATIONS = YES;
				CLANG_WARN_DIRECT_OBJC_ISA_USAGE = YES_ERROR;
				CLANG_WARN_DOCUMENTATION_COMMENTS = YES;
				CLANG_WARN_EMPTY_BODY = YES;
				CLANG_WARN_ENUM_CONVERSION = YES;
				CLANG_WARN_INFINITE_RECURSION = YES;
				CLANG_WARN_INT_CONVERSION = YES;
				CLANG_WARN_NON_LITERAL_NULL_CONVERSION = YES;
				CLANG_WARN_OBJC_IMPLICIT_RETAIN_SELF = YES;
				CLANG_WARN_OBJC_LITERAL_CONVERSION = YES;
				CLANG_WARN_OBJC_ROOT_CLASS = YES_ERROR;
				CLANG_WARN_QUOTED_INCLUDE_IN_FRAMEWORK_HEADER = YES;
				CLANG_WARN_RANGE_LOOP_ANALYSIS = YES;
				CLANG_WARN_STRICT_PROTOTYPES = YES;
				CLANG_WARN_SUSPICIOUS_MOVE = YES;
				CLANG_WARN_UNGUARDED_AVAILABILITY = YES_AGGRESSIVE;
				CLANG_WARN_UNREACHABLE_CODE = YES;
				CLANG_WARN__DUPLICATE_METHOD_MATCH = YES;
				COPY_PHASE_STRIP = NO;
				DEBUG_INFORMATION_FORMAT = "dwarf-with-dsym";
				ENABLE_NS_ASSERTIONS = NO;
				ENABLE_STRICT_OBJC_MSGSEND = YES;
				ENABLE_USER_SCRIPT_SANDBOXING = YES;
				GCC_C_LANGUAGE_STANDARD = gnu17;
				GCC_NO_COMMON_BLOCKS = YES;
				GCC_WARN_64_TO_32_BIT_CONVERSION = YES;
				GCC_WARN_ABOUT_RETURN_TYPE = YES_ERROR;
				GCC_WARN_UNDECLARED_SELECTOR = YES;
				GCC_WARN_UNINITIALIZED_AUTOS = YES_AGGRESSIVE;
				GCC_WARN_UNUSED_FUNCTION = YES;
				GCC_WARN_UNUSED_VARIABLE = YES;
				IPHONEOS_DEPLOYMENT_TARGET = 17.2;
				LOCALIZATION_PREFERS_STRING_CATALOGS = YES;
				MTL_ENABLE_DEBUG_INFO = NO;
				MTL_FAST_MATH = YES;
				SDKROOT = iphoneos;
				SWIFT_COMPILATION_MODE = wholemodule;
				VALIDATE_PRODUCT = YES;
			};
			name = Release;
		};
		6CCA183A2B3BFCFB008A5072 /* Debug */ = {
			isa = XCBuildConfiguration;
			buildSettings = {
				ASSETCATALOG_COMPILER_APPICON_NAME = AppIcon;
				ASSETCATALOG_COMPILER_GLOBAL_ACCENT_COLOR_NAME = AccentColor;
				CODE_SIGN_STYLE = Automatic;
				CURRENT_PROJECT_VERSION = 1;
				GENERATE_INFOPLIST_FILE = YES;
				INFOPLIST_FILE = KIOSK/Info.plist;
				INFOPLIST_KEY_UIApplicationSupportsIndirectInputEvents = YES;
				INFOPLIST_KEY_UILaunchStoryboardName = LaunchScreen;
				INFOPLIST_KEY_UIMainStoryboardFile = Main;
				INFOPLIST_KEY_UISupportedInterfaceOrientations_iPad = "UIInterfaceOrientationPortrait UIInterfaceOrientationPortraitUpsideDown UIInterfaceOrientationLandscapeLeft UIInterfaceOrientationLandscapeRight";
				INFOPLIST_KEY_UISupportedInterfaceOrientations_iPhone = "UIInterfaceOrientationPortrait UIInterfaceOrientationLandscapeLeft UIInterfaceOrientationLandscapeRight";
				LD_RUNPATH_SEARCH_PATHS = (
					"$(inherited)",
					"@executable_path/Frameworks",
				);
				MARKETING_VERSION = 1.0;
				PRODUCT_BUNDLE_IDENTIFIER = SJ.KIOSK;
				PRODUCT_NAME = "$(TARGET_NAME)";
				SWIFT_EMIT_LOC_STRINGS = YES;
				SWIFT_VERSION = 5.0;
				TARGETED_DEVICE_FAMILY = "1,2";
			};
			name = Debug;
		};
		6CCA183B2B3BFCFB008A5072 /* Release */ = {
			isa = XCBuildConfiguration;
			buildSettings = {
				ASSETCATALOG_COMPILER_APPICON_NAME = AppIcon;
				ASSETCATALOG_COMPILER_GLOBAL_ACCENT_COLOR_NAME = AccentColor;
				CODE_SIGN_STYLE = Automatic;
				CURRENT_PROJECT_VERSION = 1;
				GENERATE_INFOPLIST_FILE = YES;
				INFOPLIST_FILE = KIOSK/Info.plist;
				INFOPLIST_KEY_UIApplicationSupportsIndirectInputEvents = YES;
				INFOPLIST_KEY_UILaunchStoryboardName = LaunchScreen;
				INFOPLIST_KEY_UIMainStoryboardFile = Main;
				INFOPLIST_KEY_UISupportedInterfaceOrientations_iPad = "UIInterfaceOrientationPortrait UIInterfaceOrientationPortraitUpsideDown UIInterfaceOrientationLandscapeLeft UIInterfaceOrientationLandscapeRight";
				INFOPLIST_KEY_UISupportedInterfaceOrientations_iPhone = "UIInterfaceOrientationPortrait UIInterfaceOrientationLandscapeLeft UIInterfaceOrientationLandscapeRight";
				LD_RUNPATH_SEARCH_PATHS = (
					"$(inherited)",
					"@executable_path/Frameworks",
				);
				MARKETING_VERSION = 1.0;
				PRODUCT_BUNDLE_IDENTIFIER = SJ.KIOSK;
				PRODUCT_NAME = "$(TARGET_NAME)";
				SWIFT_EMIT_LOC_STRINGS = YES;
				SWIFT_VERSION = 5.0;
				TARGETED_DEVICE_FAMILY = "1,2";
			};
			name = Release;
		};
/* End XCBuildConfiguration section */

/* Begin XCConfigurationList section */
		6CCA18202B3BFCF4008A5072 /* Build configuration list for PBXProject "KIOSK" */ = {
			isa = XCConfigurationList;
			buildConfigurations = (
				6CCA18372B3BFCFB008A5072 /* Debug */,
				6CCA18382B3BFCFB008A5072 /* Release */,
			);
			defaultConfigurationIsVisible = 0;
			defaultConfigurationName = Release;
		};
		6CCA18392B3BFCFB008A5072 /* Build configuration list for PBXNativeTarget "KIOSK" */ = {
			isa = XCConfigurationList;
			buildConfigurations = (
				6CCA183A2B3BFCFB008A5072 /* Debug */,
				6CCA183B2B3BFCFB008A5072 /* Release */,
			);
			defaultConfigurationIsVisible = 0;
			defaultConfigurationName = Release;
		};
/* End XCConfigurationList section */
	};
	rootObject = 6CCA181D2B3BFCF4008A5072 /* Project object */;
}
